
Microsoft Visual Studio Solution File, Format Version 12.00
# Visual Studio Version 16
VisualStudioVersion = 16.0.32602.291
MinimumVisualStudioVersion = 10.0.40219.1
Project("{FAE04EC0-301F-11D3-BF4B-00C04F79EFBC}") = "Money-Calculator", "HelloWorldGUI\Money-Calculator.csproj", "{4B474CB8-20F7-4DFA-9F19-8E9D1DE6936A}"
EndProject
Global
	GlobalSection(SolutionConfigurationPlatforms) = preSolution
		Debug|Any CPU = Debug|Any CPU
		Release|Any CPU = Release|Any CPU
	EndGlobalSection
	GlobalSection(ProjectConfigurationPlatforms) = postSolution
		{4B474CB8-20F7-4DFA-9F19-8E9D1DE6936A}.Debug|Any CPU.ActiveCfg = Debug|Any CPU
		{4B474CB8-20F7-4DFA-9F19-8E9D1DE6936A}.Debug|Any CPU.Build.0 = Debug|Any CPU
		{4B474CB8-20F7-4DFA-9F19-8E9D1DE6936A}.Release|Any CPU.ActiveCfg = Release|Any CPU
		{4B474CB8-20F7-4DFA-9F19-8E9D1DE6936A}.Release|Any CPU.Build.0 = Release|Any CPU
	EndGlobalSection
	GlobalSection(SolutionProperties) = preSolution
		HideSolutionNode = FALSE
	EndGlobalSection
	GlobalSection(ExtensibilityGlobals) = postSolution
		SolutionGuid = {0CA739FC-B724-40E6-9F16-E093ED05E03D}
	EndGlobalSection
EndGlobal
